
Microsoft Visual Studio Solution File, Format Version 12.00
# Visual Studio Version 16
VisualStudioVersion = 16.0.29403.142
MinimumVisualStudioVersion = 10.0.40219.1
Project("{9A19103F-16F7-4668-BE54-9A1E7A4F7556}") = "L04_Quiz", "L04_Quiz\L04_Quiz.csproj", "{A1324A8C-4EBA-45D5-BE30-DFC822491B2C}"
EndProject
Project("{9A19103F-16F7-4668-BE54-9A1E7A4F7556}") = "QuizSabine", "QuizSabine\QuizSabine.csproj", "{468C77DF-01A4-4A4D-A87E-D999F949ADF1}"
EndProject
Project("{9A19103F-16F7-4668-BE54-9A1E7A4F7556}") = "L06_GenericTree", "L06_GenericTree\L06_GenericTree.csproj", "{C7FE0418-2546-4CC5-9148-3194393CEEF8}"
EndProject
Project("{FAE04EC0-301F-11D3-BF4B-00C04F79EFBC}") = "L07_Design Pattern", "L07_Design Pattern\L07_Design Pattern.csproj", "{E5B299EC-0E5B-475A-9679-29D08CD76FAD}"
EndProject
Global
	GlobalSection(SolutionConfigurationPlatforms) = preSolution
		Debug|Any CPU = Debug|Any CPU
		Release|Any CPU = Release|Any CPU
	EndGlobalSection
	GlobalSection(ProjectConfigurationPlatforms) = postSolution
		{A1324A8C-4EBA-45D5-BE30-DFC822491B2C}.Debug|Any CPU.ActiveCfg = Debug|Any CPU
		{A1324A8C-4EBA-45D5-BE30-DFC822491B2C}.Debug|Any CPU.Build.0 = Debug|Any CPU
		{A1324A8C-4EBA-45D5-BE30-DFC822491B2C}.Release|Any CPU.ActiveCfg = Release|Any CPU
		{A1324A8C-4EBA-45D5-BE30-DFC822491B2C}.Release|Any CPU.Build.0 = Release|Any CPU
		{468C77DF-01A4-4A4D-A87E-D999F949ADF1}.Debug|Any CPU.ActiveCfg = Debug|Any CPU
		{468C77DF-01A4-4A4D-A87E-D999F949ADF1}.Debug|Any CPU.Build.0 = Debug|Any CPU
		{468C77DF-01A4-4A4D-A87E-D999F949ADF1}.Release|Any CPU.ActiveCfg = Release|Any CPU
		{468C77DF-01A4-4A4D-A87E-D999F949ADF1}.Release|Any CPU.Build.0 = Release|Any CPU
		{C7FE0418-2546-4CC5-9148-3194393CEEF8}.Debug|Any CPU.ActiveCfg = Debug|Any CPU
		{C7FE0418-2546-4CC5-9148-3194393CEEF8}.Debug|Any CPU.Build.0 = Debug|Any CPU
		{C7FE0418-2546-4CC5-9148-3194393CEEF8}.Release|Any CPU.ActiveCfg = Release|Any CPU
		{C7FE0418-2546-4CC5-9148-3194393CEEF8}.Release|Any CPU.Build.0 = Release|Any CPU
		{E5B299EC-0E5B-475A-9679-29D08CD76FAD}.Debug|Any CPU.ActiveCfg = Debug|Any CPU
		{E5B299EC-0E5B-475A-9679-29D08CD76FAD}.Debug|Any CPU.Build.0 = Debug|Any CPU
		{E5B299EC-0E5B-475A-9679-29D08CD76FAD}.Release|Any CPU.ActiveCfg = Release|Any CPU
		{E5B299EC-0E5B-475A-9679-29D08CD76FAD}.Release|Any CPU.Build.0 = Release|Any CPU
	EndGlobalSection
	GlobalSection(SolutionProperties) = preSolution
		HideSolutionNode = FALSE
	EndGlobalSection
	GlobalSection(ExtensibilityGlobals) = postSolution
		SolutionGuid = {AC803246-E758-44C2-935C-C566D985BA08}
	EndGlobalSection
EndGlobal
